
Microsoft Visual Studio Solution File, Format Version 12.00
# Visual Studio 15
VisualStudioVersion = 15.0.28010.2016
MinimumVisualStudioVersion = 10.0.40219.1
Project("{FAE04EC0-301F-11D3-BF4B-00C04F79EFBC}") = "Valoraciones", "Valoraciones\Valoraciones.csproj", "{01EDC328-A3F7-46CD-924C-4740B376BF53}"
EndProject
Global
	GlobalSection(SolutionConfigurationPlatforms) = preSolution
		Debug|Any CPU = Debug|Any CPU
		Release|Any CPU = Release|Any CPU
	EndGlobalSection
	GlobalSection(ProjectConfigurationPlatforms) = postSolution
		{01EDC328-A3F7-46CD-924C-4740B376BF53}.Debug|Any CPU.ActiveCfg = Debug|Any CPU
		{01EDC328-A3F7-46CD-924C-4740B376BF53}.Debug|Any CPU.Build.0 = Debug|Any CPU
		{01EDC328-A3F7-46CD-924C-4740B376BF53}.Release|Any CPU.ActiveCfg = Release|Any CPU
		{01EDC328-A3F7-46CD-924C-4740B376BF53}.Release|Any CPU.Build.0 = Release|Any CPU
	EndGlobalSection
	GlobalSection(SolutionProperties) = preSolution
		HideSolutionNode = FALSE
	EndGlobalSection
	GlobalSection(ExtensibilityGlobals) = postSolution
		SolutionGuid = {A28069F9-A106-44CB-92B6-9B2E8C77FA73}
	EndGlobalSection
EndGlobal
